
Microsoft Visual Studio Solution File, Format Version 12.00
# Visual Studio Version 17
VisualStudioVersion = 17.1.32407.343
MinimumVisualStudioVersion = 10.0.40219.1
Project("{FAE04EC0-301F-11D3-BF4B-00C04F79EFBC}") = "NetCorePratice", "NetCorePratice\NetCorePratice.csproj", "{AE44E7C1-B474-4FF5-B879-810C52095EE7}"
EndProject
Global
	GlobalSection(SolutionConfigurationPlatforms) = preSolution
		Debug|Any CPU = Debug|Any CPU
		Release|Any CPU = Release|Any CPU
	EndGlobalSection
	GlobalSection(ProjectConfigurationPlatforms) = postSolution
		{AE44E7C1-B474-4FF5-B879-810C52095EE7}.Debug|Any CPU.ActiveCfg = Debug|Any CPU
		{AE44E7C1-B474-4FF5-B879-810C52095EE7}.Debug|Any CPU.Build.0 = Debug|Any CPU
		{AE44E7C1-B474-4FF5-B879-810C52095EE7}.Release|Any CPU.ActiveCfg = Release|Any CPU
		{AE44E7C1-B474-4FF5-B879-810C52095EE7}.Release|Any CPU.Build.0 = Release|Any CPU
	EndGlobalSection
	GlobalSection(SolutionProperties) = preSolution
		HideSolutionNode = FALSE
	EndGlobalSection
	GlobalSection(ExtensibilityGlobals) = postSolution
		SolutionGuid = {E7F06C07-4CE8-4F45-9BEC-64029C9B030C}
	EndGlobalSection
EndGlobal
